
Microsoft Visual Studio Solution File, Format Version 10.00
# Visual Studio 2008
Project("{FAE04EC0-301F-11D3-BF4B-00C04F79EFBC}") = "PresentationLayer", "PresentationLayer\PresentationLayer.csproj", "{E39C5434-4B9E-4736-A8C1-110AA483DA17}"
	ProjectSection(ProjectDependencies) = postProject
		{6EA06B98-EFA4-4905-BB0B-154170A1A29C} = {6EA06B98-EFA4-4905-BB0B-154170A1A29C}
	EndProjectSection
EndProject
Project("{FAE04EC0-301F-11D3-BF4B-00C04F79EFBC}") = "BusinessLayer", "BusinessLayer\BusinessLayer.csproj", "{6EA06B98-EFA4-4905-BB0B-154170A1A29C}"
	ProjectSection(ProjectDependencies) = postProject
		{74839F33-502C-45AD-83E0-99292599382C} = {74839F33-502C-45AD-83E0-99292599382C}
	EndProjectSection
EndProject
Project("{FAE04EC0-301F-11D3-BF4B-00C04F79EFBC}") = "DataLayer", "DataLayer\DataLayer.csproj", "{74839F33-502C-45AD-83E0-99292599382C}"
EndProject
Global
	GlobalSection(SolutionConfigurationPlatforms) = preSolution
		Debug|Any CPU = Debug|Any CPU
		Release|Any CPU = Release|Any CPU
	EndGlobalSection
	GlobalSection(ProjectConfigurationPlatforms) = postSolution
		{E39C5434-4B9E-4736-A8C1-110AA483DA17}.Debug|Any CPU.ActiveCfg = Debug|Any CPU
		{E39C5434-4B9E-4736-A8C1-110AA483DA17}.Debug|Any CPU.Build.0 = Debug|Any CPU
		{E39C5434-4B9E-4736-A8C1-110AA483DA17}.Release|Any CPU.ActiveCfg = Release|Any CPU
		{E39C5434-4B9E-4736-A8C1-110AA483DA17}.Release|Any CPU.Build.0 = Release|Any CPU
		{6EA06B98-EFA4-4905-BB0B-154170A1A29C}.Debug|Any CPU.ActiveCfg = Debug|Any CPU
		{6EA06B98-EFA4-4905-BB0B-154170A1A29C}.Debug|Any CPU.Build.0 = Debug|Any CPU
		{6EA06B98-EFA4-4905-BB0B-154170A1A29C}.Release|Any CPU.ActiveCfg = Release|Any CPU
		{6EA06B98-EFA4-4905-BB0B-154170A1A29C}.Release|Any CPU.Build.0 = Release|Any CPU
		{74839F33-502C-45AD-83E0-99292599382C}.Debug|Any CPU.ActiveCfg = Debug|Any CPU
		{74839F33-502C-45AD-83E0-99292599382C}.Debug|Any CPU.Build.0 = Debug|Any CPU
		{74839F33-502C-45AD-83E0-99292599382C}.Release|Any CPU.ActiveCfg = Release|Any CPU
		{74839F33-502C-45AD-83E0-99292599382C}.Release|Any CPU.Build.0 = Release|Any CPU
	EndGlobalSection
	GlobalSection(SolutionProperties) = preSolution
		HideSolutionNode = FALSE
	EndGlobalSection
EndGlobal
